
Microsoft Visual Studio Solution File, Format Version 12.00
# Visual Studio Version 17
VisualStudioVersion = 17.5.002.0
MinimumVisualStudioVersion = 10.0.40219.1
Project("{2150E333-8FDC-42A3-9474-1A3956D46DE8}") = "Hackerrank", "Hackerrank", "{F2886EFA-8998-40BC-8DF4-68716F0F3377}"
EndProject
Project("{9A19103F-16F7-4668-BE54-9A1E7A4F7556}") = "TimeConversion_CS", "Hackerrank\TimeConversion_CS\TimeConversion_CS.csproj", "{120B0B8F-26DF-4181-8C91-BC1D45A32E76}"
EndProject
Project("{9A19103F-16F7-4668-BE54-9A1E7A4F7556}") = "DiagonalDiff_CS", "Hackerrank\DiagonalDiff_CS\DiagonalDiff_CS.csproj", "{8B88DC53-B90F-4C3B-9D8A-14DAD0C980B5}"
EndProject
Project("{9A19103F-16F7-4668-BE54-9A1E7A4F7556}") = "LarryArray_CS", "Hackerrank\LarryArray_CS\LarryArray_CS.csproj", "{21E9B1E8-DD08-4EAF-BFEF-DC94594001AD}"
EndProject
Project("{9A19103F-16F7-4668-BE54-9A1E7A4F7556}") = "EvenTree_CS", "Hackerrank\EvenTree_CS\EvenTree_CS.csproj", "{C76A246C-A008-40BB-98B8-E9C9FD87CF33}"
EndProject
Project("{2150E333-8FDC-42A3-9474-1A3956D46DE8}") = "OpenKattis", "OpenKattis", "{FD28D966-E94E-4A87-A7E0-EDA4D31D0B15}"
EndProject
Project("{9A19103F-16F7-4668-BE54-9A1E7A4F7556}") = "DetailedDifferences_CS", "OpenKattis\DetailedDifferences_CS\DetailedDifferences_CS.csproj", "{79FB467D-A67E-4BE1-82E3-54824C6C1A50}"
EndProject
Project("{9A19103F-16F7-4668-BE54-9A1E7A4F7556}") = "4Thought_CS", "OpenKattis\4Thought_CS\4Thought_CS.csproj", "{DE3C218F-FB4B-4A73-A64E-31668CEFE5A0}"
EndProject
Project("{9A19103F-16F7-4668-BE54-9A1E7A4F7556}") = "Molekule_CS", "OpenKattis\Molekule_CS\Molekule_CS.csproj", "{D23F14A7-608B-405A-AD02-E35CB3E406A5}"
EndProject
Project("{9A19103F-16F7-4668-BE54-9A1E7A4F7556}") = "2048", "OpenKattis\2048\2048.csproj", "{657AACE0-29A7-4A61-9D95-F526523CB96D}"
EndProject
Project("{9A19103F-16F7-4668-BE54-9A1E7A4F7556}") = "Bela", "OpenKattis\Bela\Bela.csproj", "{666BF9ED-B82C-4560-9CAA-52F0D9A44771}"
EndProject
Project("{9A19103F-16F7-4668-BE54-9A1E7A4F7556}") = "Statistics_CS", "OpenKattis\Statistics_CS\Statistics_CS.csproj", "{F8262231-C071-498B-B4E3-500A0BAC9197}"
EndProject
Project("{9A19103F-16F7-4668-BE54-9A1E7A4F7556}") = "PhoneList", "OpenKattis\PhoneList\PhoneList.csproj", "{609F30B6-B393-4D7D-AB94-5DC2177E39E4}"
EndProject
Project("{9A19103F-16F7-4668-BE54-9A1E7A4F7556}") = "Unbearablezoo", "OpenKattis\Unbearablezoo\Unbearablezoo.csproj", "{5953125B-06E4-4452-BE8B-BC8F70082EE8}"
EndProject
Project("{9A19103F-16F7-4668-BE54-9A1E7A4F7556}") = "RaggedRight", "OpenKattis\RaggedRight\RaggedRight.csproj", "{973B1885-A89D-4948-BB62-ECF598BBE360}"
EndProject
Project("{9A19103F-16F7-4668-BE54-9A1E7A4F7556}") = "GrassSeed_CS", "OpenKattis\GrassSeed_CS\GrassSeed_CS.csproj", "{ECB64840-5F9D-4570-BEA6-21DDA7B95FAE}"
EndProject
Project("{9A19103F-16F7-4668-BE54-9A1E7A4F7556}") = "SpeedLimit_CS", "OpenKattis\SpeedLimit_CS\SpeedLimit_CS.csproj", "{ADC18219-DB34-4AE2-9837-FFDECE21FA3B}"
EndProject
Project("{9A19103F-16F7-4668-BE54-9A1E7A4F7556}") = "01Sequence_CS", "OpenKattis\01Sequence_CS\01Sequence_CS.csproj", "{68047F18-11C0-4EBD-9A1D-46EC2B09B8FD}"
EndProject
Project("{9A19103F-16F7-4668-BE54-9A1E7A4F7556}") = "T9Spelling_CS", "OpenKattis\T9Spelling_CS\T9Spelling_CS.csproj", "{147E26EE-346D-4E46-AC0B-5E080ECF6668}"
EndProject
Project("{9A19103F-16F7-4668-BE54-9A1E7A4F7556}") = "Test_CS", "OpenKattis\Test_CS\Test_CS.csproj", "{F2F59237-6909-496B-9470-492DAF07E96D}"
EndProject
Project("{9A19103F-16F7-4668-BE54-9A1E7A4F7556}") = "IslandHopping", "OpenKattis\IslandHopping\IslandHopping.csproj", "{3CBD4D30-7110-4AFC-842E-D2929CBA9AA1}"
EndProject
Project("{9A19103F-16F7-4668-BE54-9A1E7A4F7556}") = "WelcomToCodeJam", "OpenKattis\WelcomToCodeJam\WelcomToCodeJam.csproj", "{665F963E-646C-4DE8-9E76-EA213DAF1870}"
EndProject
Project("{9A19103F-16F7-4668-BE54-9A1E7A4F7556}") = "FBI_UCN", "OpenKattis\FBI_UCN\FBI_UCN.csproj", "{C7A499C8-292E-47F1-8EB9-C3A1B00BD211}"
EndProject
Project("{9A19103F-16F7-4668-BE54-9A1E7A4F7556}") = "SymetricOrder_CS", "OpenKattis\SymetricOrder_CS\SymetricOrder_CS.csproj", "{DB04805B-CCE4-45B4-AED3-8BCC28BB4786}"
EndProject
Project("{9A19103F-16F7-4668-BE54-9A1E7A4F7556}") = "Volim_CS", "OpenKattis\Volim_CS\Volim_CS.csproj", "{88150426-77F1-4AFD-81FF-56F2A4280823}"
EndProject
Project("{9A19103F-16F7-4668-BE54-9A1E7A4F7556}") = "NeedForSpeed", "OpenKattis\NeedForSpeed\NeedForSpeed.csproj", "{F4C3F608-0127-433A-8290-E1474C5B5115}"
EndProject
Project("{9A19103F-16F7-4668-BE54-9A1E7A4F7556}") = "OddManOut", "OpenKattis\OddManOut\OddManOut.csproj", "{0F7F77D6-CC99-4770-8AA6-3853EC4C8C99}"
EndProject
Project("{9A19103F-16F7-4668-BE54-9A1E7A4F7556}") = "SumKindOfProblem_CS", "OpenKattis\SumKindOfProblem_CS\SumKindOfProblem_CS.csproj", "{D7F0F430-1A91-4396-A600-4A04BB8DA320}"
EndProject
Project("{9A19103F-16F7-4668-BE54-9A1E7A4F7556}") = "Zamka_CS", "OpenKattis\Zamka_CS\Zamka_CS.csproj", "{59BC765D-18A4-45D6-9ABD-A4CFDA004B3B}"
EndProject
Project("{9A19103F-16F7-4668-BE54-9A1E7A4F7556}") = "Pet_CS", "OpenKattis\Pet_CS\Pet_CS.csproj", "{31AEEBB0-C5E6-495C-9934-6C7283E05CC9}"
EndProject
Project("{9A19103F-16F7-4668-BE54-9A1E7A4F7556}") = "StackingCups_CS", "OpenKattis\StackingCups_CS\StackingCups_CS.csproj", "{B8E45A90-7DB4-45CC-99ED-0412F3C1D24C}"
EndProject
Project("{9A19103F-16F7-4668-BE54-9A1E7A4F7556}") = "Recount_CS", "OpenKattis\Recount_CS\Recount_CS.csproj", "{C38551F5-A946-4353-B927-DB6E45BECC6A}"
EndProject
Project("{9A19103F-16F7-4668-BE54-9A1E7A4F7556}") = "AnagramCounting_CS", "OpenKattis\AnagramCounting_CS\AnagramCounting_CS.csproj", "{77359985-C64C-430E-8179-95982E89EDD4}"
EndProject
Project("{9A19103F-16F7-4668-BE54-9A1E7A4F7556}") = "NewAlphabet_CS", "OpenKattis\NewAlphabet_CS\NewAlphabet_CS.csproj", "{E9EFF30C-933F-4BB8-8242-8D03154B2B57}"
EndProject
Project("{9A19103F-16F7-4668-BE54-9A1E7A4F7556}") = "DifferentDistances_CS", "OpenKattis\DifferentDistances_CS\DifferentDistances_CS.csproj", "{1D92CBF9-F0F4-45C7-9E80-8F0A8654737B}"
EndProject
Project("{2150E333-8FDC-42A3-9474-1A3956D46DE8}") = "Ladder_CS", "Ladder_CS", "{5DE0C437-40F4-471D-987F-14A62E49DBA5}"
EndProject
Project("{9A19103F-16F7-4668-BE54-9A1E7A4F7556}") = "ladder", "OpenKattis\Ladder_CS\ladder\ladder.csproj", "{72EB487D-BAAD-47C2-B542-4E4A60C43470}"
EndProject
Project("{2150E333-8FDC-42A3-9474-1A3956D46DE8}") = "AnagramCounting_CS (1)", "AnagramCounting_CS", "{45D648C5-2A37-42D4-B6DE-671953CAE40C}"
EndProject
Project("{9A19103F-16F7-4668-BE54-9A1E7A4F7556}") = "backup", "OpenKattis\AnagramCounting_CS\backup\backup.csproj", "{5F90F0C1-542B-424D-B179-2F9AEA302611}"
EndProject
Global
	GlobalSection(SolutionConfigurationPlatforms) = preSolution
		Debug|Any CPU = Debug|Any CPU
		Release|Any CPU = Release|Any CPU
	EndGlobalSection
	GlobalSection(ProjectConfigurationPlatforms) = postSolution
		{120B0B8F-26DF-4181-8C91-BC1D45A32E76}.Debug|Any CPU.ActiveCfg = Debug|Any CPU
		{120B0B8F-26DF-4181-8C91-BC1D45A32E76}.Debug|Any CPU.Build.0 = Debug|Any CPU
		{120B0B8F-26DF-4181-8C91-BC1D45A32E76}.Release|Any CPU.ActiveCfg = Release|Any CPU
		{120B0B8F-26DF-4181-8C91-BC1D45A32E76}.Release|Any CPU.Build.0 = Release|Any CPU
		{8B88DC53-B90F-4C3B-9D8A-14DAD0C980B5}.Debug|Any CPU.ActiveCfg = Debug|Any CPU
		{8B88DC53-B90F-4C3B-9D8A-14DAD0C980B5}.Debug|Any CPU.Build.0 = Debug|Any CPU
		{8B88DC53-B90F-4C3B-9D8A-14DAD0C980B5}.Release|Any CPU.ActiveCfg = Release|Any CPU
		{8B88DC53-B90F-4C3B-9D8A-14DAD0C980B5}.Release|Any CPU.Build.0 = Release|Any CPU
		{21E9B1E8-DD08-4EAF-BFEF-DC94594001AD}.Debug|Any CPU.ActiveCfg = Debug|Any CPU
		{21E9B1E8-DD08-4EAF-BFEF-DC94594001AD}.Debug|Any CPU.Build.0 = Debug|Any CPU
		{21E9B1E8-DD08-4EAF-BFEF-DC94594001AD}.Release|Any CPU.ActiveCfg = Release|Any CPU
		{21E9B1E8-DD08-4EAF-BFEF-DC94594001AD}.Release|Any CPU.Build.0 = Release|Any CPU
		{C76A246C-A008-40BB-98B8-E9C9FD87CF33}.Debug|Any CPU.ActiveCfg = Debug|Any CPU
		{C76A246C-A008-40BB-98B8-E9C9FD87CF33}.Debug|Any CPU.Build.0 = Debug|Any CPU
		{C76A246C-A008-40BB-98B8-E9C9FD87CF33}.Release|Any CPU.ActiveCfg = Release|Any CPU
		{C76A246C-A008-40BB-98B8-E9C9FD87CF33}.Release|Any CPU.Build.0 = Release|Any CPU
		{79FB467D-A67E-4BE1-82E3-54824C6C1A50}.Debug|Any CPU.ActiveCfg = Debug|Any CPU
		{79FB467D-A67E-4BE1-82E3-54824C6C1A50}.Debug|Any CPU.Build.0 = Debug|Any CPU
		{79FB467D-A67E-4BE1-82E3-54824C6C1A50}.Release|Any CPU.ActiveCfg = Release|Any CPU
		{79FB467D-A67E-4BE1-82E3-54824C6C1A50}.Release|Any CPU.Build.0 = Release|Any CPU
		{DE3C218F-FB4B-4A73-A64E-31668CEFE5A0}.Debug|Any CPU.ActiveCfg = Debug|Any CPU
		{DE3C218F-FB4B-4A73-A64E-31668CEFE5A0}.Debug|Any CPU.Build.0 = Debug|Any CPU
		{DE3C218F-FB4B-4A73-A64E-31668CEFE5A0}.Release|Any CPU.ActiveCfg = Release|Any CPU
		{DE3C218F-FB4B-4A73-A64E-31668CEFE5A0}.Release|Any CPU.Build.0 = Release|Any CPU
		{D23F14A7-608B-405A-AD02-E35CB3E406A5}.Debug|Any CPU.ActiveCfg = Debug|Any CPU
		{D23F14A7-608B-405A-AD02-E35CB3E406A5}.Debug|Any CPU.Build.0 = Debug|Any CPU
		{D23F14A7-608B-405A-AD02-E35CB3E406A5}.Release|Any CPU.ActiveCfg = Release|Any CPU
		{D23F14A7-608B-405A-AD02-E35CB3E406A5}.Release|Any CPU.Build.0 = Release|Any CPU
		{657AACE0-29A7-4A61-9D95-F526523CB96D}.Debug|Any CPU.ActiveCfg = Debug|Any CPU
		{657AACE0-29A7-4A61-9D95-F526523CB96D}.Debug|Any CPU.Build.0 = Debug|Any CPU
		{657AACE0-29A7-4A61-9D95-F526523CB96D}.Release|Any CPU.ActiveCfg = Release|Any CPU
		{657AACE0-29A7-4A61-9D95-F526523CB96D}.Release|Any CPU.Build.0 = Release|Any CPU
		{666BF9ED-B82C-4560-9CAA-52F0D9A44771}.Debug|Any CPU.ActiveCfg = Debug|Any CPU
		{666BF9ED-B82C-4560-9CAA-52F0D9A44771}.Debug|Any CPU.Build.0 = Debug|Any CPU
		{666BF9ED-B82C-4560-9CAA-52F0D9A44771}.Release|Any CPU.ActiveCfg = Release|Any CPU
		{666BF9ED-B82C-4560-9CAA-52F0D9A44771}.Release|Any CPU.Build.0 = Release|Any CPU
		{F8262231-C071-498B-B4E3-500A0BAC9197}.Debug|Any CPU.ActiveCfg = Debug|Any CPU
		{F8262231-C071-498B-B4E3-500A0BAC9197}.Debug|Any CPU.Build.0 = Debug|Any CPU
		{F8262231-C071-498B-B4E3-500A0BAC9197}.Release|Any CPU.ActiveCfg = Release|Any CPU
		{F8262231-C071-498B-B4E3-500A0BAC9197}.Release|Any CPU.Build.0 = Release|Any CPU
		{609F30B6-B393-4D7D-AB94-5DC2177E39E4}.Debug|Any CPU.ActiveCfg = Debug|Any CPU
		{609F30B6-B393-4D7D-AB94-5DC2177E39E4}.Debug|Any CPU.Build.0 = Debug|Any CPU
		{609F30B6-B393-4D7D-AB94-5DC2177E39E4}.Release|Any CPU.ActiveCfg = Release|Any CPU
		{609F30B6-B393-4D7D-AB94-5DC2177E39E4}.Release|Any CPU.Build.0 = Release|Any CPU
		{5953125B-06E4-4452-BE8B-BC8F70082EE8}.Debug|Any CPU.ActiveCfg = Debug|Any CPU
		{5953125B-06E4-4452-BE8B-BC8F70082EE8}.Debug|Any CPU.Build.0 = Debug|Any CPU
		{5953125B-06E4-4452-BE8B-BC8F70082EE8}.Release|Any CPU.ActiveCfg = Release|Any CPU
		{5953125B-06E4-4452-BE8B-BC8F70082EE8}.Release|Any CPU.Build.0 = Release|Any CPU
		{973B1885-A89D-4948-BB62-ECF598BBE360}.Debug|Any CPU.ActiveCfg = Debug|Any CPU
		{973B1885-A89D-4948-BB62-ECF598BBE360}.Debug|Any CPU.Build.0 = Debug|Any CPU
		{973B1885-A89D-4948-BB62-ECF598BBE360}.Release|Any CPU.ActiveCfg = Release|Any CPU
		{973B1885-A89D-4948-BB62-ECF598BBE360}.Release|Any CPU.Build.0 = Release|Any CPU
		{ECB64840-5F9D-4570-BEA6-21DDA7B95FAE}.Debug|Any CPU.ActiveCfg = Debug|Any CPU
		{ECB64840-5F9D-4570-BEA6-21DDA7B95FAE}.Debug|Any CPU.Build.0 = Debug|Any CPU
		{ECB64840-5F9D-4570-BEA6-21DDA7B95FAE}.Release|Any CPU.ActiveCfg = Release|Any CPU
		{ECB64840-5F9D-4570-BEA6-21DDA7B95FAE}.Release|Any CPU.Build.0 = Release|Any CPU
		{ADC18219-DB34-4AE2-9837-FFDECE21FA3B}.Debug|Any CPU.ActiveCfg = Debug|Any CPU
		{ADC18219-DB34-4AE2-9837-FFDECE21FA3B}.Debug|Any CPU.Build.0 = Debug|Any CPU
		{ADC18219-DB34-4AE2-9837-FFDECE21FA3B}.Release|Any CPU.ActiveCfg = Release|Any CPU
		{ADC18219-DB34-4AE2-9837-FFDECE21FA3B}.Release|Any CPU.Build.0 = Release|Any CPU
		{68047F18-11C0-4EBD-9A1D-46EC2B09B8FD}.Debug|Any CPU.ActiveCfg = Debug|Any CPU
		{68047F18-11C0-4EBD-9A1D-46EC2B09B8FD}.Debug|Any CPU.Build.0 = Debug|Any CPU
		{68047F18-11C0-4EBD-9A1D-46EC2B09B8FD}.Release|Any CPU.ActiveCfg = Release|Any CPU
		{68047F18-11C0-4EBD-9A1D-46EC2B09B8FD}.Release|Any CPU.Build.0 = Release|Any CPU
		{147E26EE-346D-4E46-AC0B-5E080ECF6668}.Debug|Any CPU.ActiveCfg = Debug|Any CPU
		{147E26EE-346D-4E46-AC0B-5E080ECF6668}.Debug|Any CPU.Build.0 = Debug|Any CPU
		{147E26EE-346D-4E46-AC0B-5E080ECF6668}.Release|Any CPU.ActiveCfg = Release|Any CPU
		{147E26EE-346D-4E46-AC0B-5E080ECF6668}.Release|Any CPU.Build.0 = Release|Any CPU
		{F2F59237-6909-496B-9470-492DAF07E96D}.Debug|Any CPU.ActiveCfg = Debug|Any CPU
		{F2F59237-6909-496B-9470-492DAF07E96D}.Debug|Any CPU.Build.0 = Debug|Any CPU
		{F2F59237-6909-496B-9470-492DAF07E96D}.Release|Any CPU.ActiveCfg = Release|Any CPU
		{F2F59237-6909-496B-9470-492DAF07E96D}.Release|Any CPU.Build.0 = Release|Any CPU
		{3CBD4D30-7110-4AFC-842E-D2929CBA9AA1}.Debug|Any CPU.ActiveCfg = Debug|Any CPU
		{3CBD4D30-7110-4AFC-842E-D2929CBA9AA1}.Debug|Any CPU.Build.0 = Debug|Any CPU
		{3CBD4D30-7110-4AFC-842E-D2929CBA9AA1}.Release|Any CPU.ActiveCfg = Release|Any CPU
		{3CBD4D30-7110-4AFC-842E-D2929CBA9AA1}.Release|Any CPU.Build.0 = Release|Any CPU
		{665F963E-646C-4DE8-9E76-EA213DAF1870}.Debug|Any CPU.ActiveCfg = Debug|Any CPU
		{665F963E-646C-4DE8-9E76-EA213DAF1870}.Debug|Any CPU.Build.0 = Debug|Any CPU
		{665F963E-646C-4DE8-9E76-EA213DAF1870}.Release|Any CPU.ActiveCfg = Release|Any CPU
		{665F963E-646C-4DE8-9E76-EA213DAF1870}.Release|Any CPU.Build.0 = Release|Any CPU
		{C7A499C8-292E-47F1-8EB9-C3A1B00BD211}.Debug|Any CPU.ActiveCfg = Debug|Any CPU
		{C7A499C8-292E-47F1-8EB9-C3A1B00BD211}.Debug|Any CPU.Build.0 = Debug|Any CPU
		{C7A499C8-292E-47F1-8EB9-C3A1B00BD211}.Release|Any CPU.ActiveCfg = Release|Any CPU
		{C7A499C8-292E-47F1-8EB9-C3A1B00BD211}.Release|Any CPU.Build.0 = Release|Any CPU
		{DB04805B-CCE4-45B4-AED3-8BCC28BB4786}.Debug|Any CPU.ActiveCfg = Debug|Any CPU
		{DB04805B-CCE4-45B4-AED3-8BCC28BB4786}.Debug|Any CPU.Build.0 = Debug|Any CPU
		{DB04805B-CCE4-45B4-AED3-8BCC28BB4786}.Release|Any CPU.ActiveCfg = Release|Any CPU
		{DB04805B-CCE4-45B4-AED3-8BCC28BB4786}.Release|Any CPU.Build.0 = Release|Any CPU
		{88150426-77F1-4AFD-81FF-56F2A4280823}.Debug|Any CPU.ActiveCfg = Debug|Any CPU
		{88150426-77F1-4AFD-81FF-56F2A4280823}.Debug|Any CPU.Build.0 = Debug|Any CPU
		{88150426-77F1-4AFD-81FF-56F2A4280823}.Release|Any CPU.ActiveCfg = Release|Any CPU
		{88150426-77F1-4AFD-81FF-56F2A4280823}.Release|Any CPU.Build.0 = Release|Any CPU
		{F4C3F608-0127-433A-8290-E1474C5B5115}.Debug|Any CPU.ActiveCfg = Debug|Any CPU
		{F4C3F608-0127-433A-8290-E1474C5B5115}.Debug|Any CPU.Build.0 = Debug|Any CPU
		{F4C3F608-0127-433A-8290-E1474C5B5115}.Release|Any CPU.ActiveCfg = Release|Any CPU
		{F4C3F608-0127-433A-8290-E1474C5B5115}.Release|Any CPU.Build.0 = Release|Any CPU
		{0F7F77D6-CC99-4770-8AA6-3853EC4C8C99}.Debug|Any CPU.ActiveCfg = Debug|Any CPU
		{0F7F77D6-CC99-4770-8AA6-3853EC4C8C99}.Debug|Any CPU.Build.0 = Debug|Any CPU
		{0F7F77D6-CC99-4770-8AA6-3853EC4C8C99}.Release|Any CPU.ActiveCfg = Release|Any CPU
		{0F7F77D6-CC99-4770-8AA6-3853EC4C8C99}.Release|Any CPU.Build.0 = Release|Any CPU
		{D7F0F430-1A91-4396-A600-4A04BB8DA320}.Debug|Any CPU.ActiveCfg = Debug|Any CPU
		{D7F0F430-1A91-4396-A600-4A04BB8DA320}.Debug|Any CPU.Build.0 = Debug|Any CPU
		{D7F0F430-1A91-4396-A600-4A04BB8DA320}.Release|Any CPU.ActiveCfg = Release|Any CPU
		{D7F0F430-1A91-4396-A600-4A04BB8DA320}.Release|Any CPU.Build.0 = Release|Any CPU
		{59BC765D-18A4-45D6-9ABD-A4CFDA004B3B}.Debug|Any CPU.ActiveCfg = Debug|Any CPU
		{59BC765D-18A4-45D6-9ABD-A4CFDA004B3B}.Debug|Any CPU.Build.0 = Debug|Any CPU
		{59BC765D-18A4-45D6-9ABD-A4CFDA004B3B}.Release|Any CPU.ActiveCfg = Release|Any CPU
		{59BC765D-18A4-45D6-9ABD-A4CFDA004B3B}.Release|Any CPU.Build.0 = Release|Any CPU
		{31AEEBB0-C5E6-495C-9934-6C7283E05CC9}.Debug|Any CPU.ActiveCfg = Debug|Any CPU
		{31AEEBB0-C5E6-495C-9934-6C7283E05CC9}.Debug|Any CPU.Build.0 = Debug|Any CPU
		{31AEEBB0-C5E6-495C-9934-6C7283E05CC9}.Release|Any CPU.ActiveCfg = Release|Any CPU
		{31AEEBB0-C5E6-495C-9934-6C7283E05CC9}.Release|Any CPU.Build.0 = Release|Any CPU
		{B8E45A90-7DB4-45CC-99ED-0412F3C1D24C}.Debug|Any CPU.ActiveCfg = Debug|Any CPU
		{B8E45A90-7DB4-45CC-99ED-0412F3C1D24C}.Debug|Any CPU.Build.0 = Debug|Any CPU
		{B8E45A90-7DB4-45CC-99ED-0412F3C1D24C}.Release|Any CPU.ActiveCfg = Release|Any CPU
		{B8E45A90-7DB4-45CC-99ED-0412F3C1D24C}.Release|Any CPU.Build.0 = Release|Any CPU
		{C38551F5-A946-4353-B927-DB6E45BECC6A}.Debug|Any CPU.ActiveCfg = Debug|Any CPU
		{C38551F5-A946-4353-B927-DB6E45BECC6A}.Debug|Any CPU.Build.0 = Debug|Any CPU
		{C38551F5-A946-4353-B927-DB6E45BECC6A}.Release|Any CPU.ActiveCfg = Release|Any CPU
		{C38551F5-A946-4353-B927-DB6E45BECC6A}.Release|Any CPU.Build.0 = Release|Any CPU
		{77359985-C64C-430E-8179-95982E89EDD4}.Debug|Any CPU.ActiveCfg = Debug|Any CPU
		{77359985-C64C-430E-8179-95982E89EDD4}.Debug|Any CPU.Build.0 = Debug|Any CPU
		{77359985-C64C-430E-8179-95982E89EDD4}.Release|Any CPU.ActiveCfg = Release|Any CPU
		{77359985-C64C-430E-8179-95982E89EDD4}.Release|Any CPU.Build.0 = Release|Any CPU
		{E9EFF30C-933F-4BB8-8242-8D03154B2B57}.Debug|Any CPU.ActiveCfg = Debug|Any CPU
		{E9EFF30C-933F-4BB8-8242-8D03154B2B57}.Debug|Any CPU.Build.0 = Debug|Any CPU
		{E9EFF30C-933F-4BB8-8242-8D03154B2B57}.Release|Any CPU.ActiveCfg = Release|Any CPU
		{E9EFF30C-933F-4BB8-8242-8D03154B2B57}.Release|Any CPU.Build.0 = Release|Any CPU
		{1D92CBF9-F0F4-45C7-9E80-8F0A8654737B}.Debug|Any CPU.ActiveCfg = Debug|Any CPU
		{1D92CBF9-F0F4-45C7-9E80-8F0A8654737B}.Debug|Any CPU.Build.0 = Debug|Any CPU
		{1D92CBF9-F0F4-45C7-9E80-8F0A8654737B}.Release|Any CPU.ActiveCfg = Release|Any CPU
		{1D92CBF9-F0F4-45C7-9E80-8F0A8654737B}.Release|Any CPU.Build.0 = Release|Any CPU
		{72EB487D-BAAD-47C2-B542-4E4A60C43470}.Debug|Any CPU.ActiveCfg = Debug|Any CPU
		{72EB487D-BAAD-47C2-B542-4E4A60C43470}.Debug|Any CPU.Build.0 = Debug|Any CPU
		{72EB487D-BAAD-47C2-B542-4E4A60C43470}.Release|Any CPU.ActiveCfg = Release|Any CPU
		{72EB487D-BAAD-47C2-B542-4E4A60C43470}.Release|Any CPU.Build.0 = Release|Any CPU
		{5F90F0C1-542B-424D-B179-2F9AEA302611}.Debug|Any CPU.ActiveCfg = Debug|Any CPU
		{5F90F0C1-542B-424D-B179-2F9AEA302611}.Debug|Any CPU.Build.0 = Debug|Any CPU
		{5F90F0C1-542B-424D-B179-2F9AEA302611}.Release|Any CPU.ActiveCfg = Release|Any CPU
		{5F90F0C1-542B-424D-B179-2F9AEA302611}.Release|Any CPU.Build.0 = Release|Any CPU
	EndGlobalSection
	GlobalSection(SolutionProperties) = preSolution
		HideSolutionNode = FALSE
	EndGlobalSection
	GlobalSection(NestedProjects) = preSolution
		{120B0B8F-26DF-4181-8C91-BC1D45A32E76} = {F2886EFA-8998-40BC-8DF4-68716F0F3377}
		{8B88DC53-B90F-4C3B-9D8A-14DAD0C980B5} = {F2886EFA-8998-40BC-8DF4-68716F0F3377}
		{21E9B1E8-DD08-4EAF-BFEF-DC94594001AD} = {F2886EFA-8998-40BC-8DF4-68716F0F3377}
		{C76A246C-A008-40BB-98B8-E9C9FD87CF33} = {F2886EFA-8998-40BC-8DF4-68716F0F3377}
		{79FB467D-A67E-4BE1-82E3-54824C6C1A50} = {FD28D966-E94E-4A87-A7E0-EDA4D31D0B15}
		{DE3C218F-FB4B-4A73-A64E-31668CEFE5A0} = {FD28D966-E94E-4A87-A7E0-EDA4D31D0B15}
		{D23F14A7-608B-405A-AD02-E35CB3E406A5} = {FD28D966-E94E-4A87-A7E0-EDA4D31D0B15}
		{657AACE0-29A7-4A61-9D95-F526523CB96D} = {FD28D966-E94E-4A87-A7E0-EDA4D31D0B15}
		{666BF9ED-B82C-4560-9CAA-52F0D9A44771} = {FD28D966-E94E-4A87-A7E0-EDA4D31D0B15}
		{F8262231-C071-498B-B4E3-500A0BAC9197} = {FD28D966-E94E-4A87-A7E0-EDA4D31D0B15}
		{609F30B6-B393-4D7D-AB94-5DC2177E39E4} = {FD28D966-E94E-4A87-A7E0-EDA4D31D0B15}
		{5953125B-06E4-4452-BE8B-BC8F70082EE8} = {FD28D966-E94E-4A87-A7E0-EDA4D31D0B15}
		{973B1885-A89D-4948-BB62-ECF598BBE360} = {FD28D966-E94E-4A87-A7E0-EDA4D31D0B15}
		{ECB64840-5F9D-4570-BEA6-21DDA7B95FAE} = {FD28D966-E94E-4A87-A7E0-EDA4D31D0B15}
		{ADC18219-DB34-4AE2-9837-FFDECE21FA3B} = {FD28D966-E94E-4A87-A7E0-EDA4D31D0B15}
		{68047F18-11C0-4EBD-9A1D-46EC2B09B8FD} = {FD28D966-E94E-4A87-A7E0-EDA4D31D0B15}
		{147E26EE-346D-4E46-AC0B-5E080ECF6668} = {FD28D966-E94E-4A87-A7E0-EDA4D31D0B15}
		{F2F59237-6909-496B-9470-492DAF07E96D} = {FD28D966-E94E-4A87-A7E0-EDA4D31D0B15}
		{3CBD4D30-7110-4AFC-842E-D2929CBA9AA1} = {FD28D966-E94E-4A87-A7E0-EDA4D31D0B15}
		{665F963E-646C-4DE8-9E76-EA213DAF1870} = {FD28D966-E94E-4A87-A7E0-EDA4D31D0B15}
		{C7A499C8-292E-47F1-8EB9-C3A1B00BD211} = {FD28D966-E94E-4A87-A7E0-EDA4D31D0B15}
		{DB04805B-CCE4-45B4-AED3-8BCC28BB4786} = {FD28D966-E94E-4A87-A7E0-EDA4D31D0B15}
		{88150426-77F1-4AFD-81FF-56F2A4280823} = {FD28D966-E94E-4A87-A7E0-EDA4D31D0B15}
		{F4C3F608-0127-433A-8290-E1474C5B5115} = {FD28D966-E94E-4A87-A7E0-EDA4D31D0B15}
		{0F7F77D6-CC99-4770-8AA6-3853EC4C8C99} = {FD28D966-E94E-4A87-A7E0-EDA4D31D0B15}
		{D7F0F430-1A91-4396-A600-4A04BB8DA320} = {FD28D966-E94E-4A87-A7E0-EDA4D31D0B15}
		{59BC765D-18A4-45D6-9ABD-A4CFDA004B3B} = {FD28D966-E94E-4A87-A7E0-EDA4D31D0B15}
		{31AEEBB0-C5E6-495C-9934-6C7283E05CC9} = {FD28D966-E94E-4A87-A7E0-EDA4D31D0B15}
		{B8E45A90-7DB4-45CC-99ED-0412F3C1D24C} = {FD28D966-E94E-4A87-A7E0-EDA4D31D0B15}
		{C38551F5-A946-4353-B927-DB6E45BECC6A} = {FD28D966-E94E-4A87-A7E0-EDA4D31D0B15}
		{77359985-C64C-430E-8179-95982E89EDD4} = {FD28D966-E94E-4A87-A7E0-EDA4D31D0B15}
		{E9EFF30C-933F-4BB8-8242-8D03154B2B57} = {FD28D966-E94E-4A87-A7E0-EDA4D31D0B15}
		{1D92CBF9-F0F4-45C7-9E80-8F0A8654737B} = {FD28D966-E94E-4A87-A7E0-EDA4D31D0B15}
		{5DE0C437-40F4-471D-987F-14A62E49DBA5} = {FD28D966-E94E-4A87-A7E0-EDA4D31D0B15}
		{72EB487D-BAAD-47C2-B542-4E4A60C43470} = {5DE0C437-40F4-471D-987F-14A62E49DBA5}
		{45D648C5-2A37-42D4-B6DE-671953CAE40C} = {FD28D966-E94E-4A87-A7E0-EDA4D31D0B15}
		{5F90F0C1-542B-424D-B179-2F9AEA302611} = {45D648C5-2A37-42D4-B6DE-671953CAE40C}
	EndGlobalSection
	GlobalSection(ExtensibilityGlobals) = postSolution
		SolutionGuid = {306DE25F-3629-4294-8636-7C8E613184DE}
	EndGlobalSection
EndGlobal
